
Microsoft Visual Studio Solution File, Format Version 12.00
# Visual Studio Version 17
VisualStudioVersion = 17.8.34330.188
MinimumVisualStudioVersion = 10.0.40219.1
Project("{FAE04EC0-301F-11D3-BF4B-00C04F79EFBC}") = "Form_ejercicio5_hospital_distribuir_presupuesto", "Form_ejercicio5_hospital_distribuir_presupuesto.csproj", "{8FA422FC-8EE6-4A3C-AE0C-091903E56C28}"
EndProject
Global
	GlobalSection(SolutionConfigurationPlatforms) = preSolution
		Debug|Any CPU = Debug|Any CPU
		Release|Any CPU = Release|Any CPU
	EndGlobalSection
	GlobalSection(ProjectConfigurationPlatforms) = postSolution
		{8FA422FC-8EE6-4A3C-AE0C-091903E56C28}.Debug|Any CPU.ActiveCfg = Debug|Any CPU
		{8FA422FC-8EE6-4A3C-AE0C-091903E56C28}.Debug|Any CPU.Build.0 = Debug|Any CPU
		{8FA422FC-8EE6-4A3C-AE0C-091903E56C28}.Release|Any CPU.ActiveCfg = Release|Any CPU
		{8FA422FC-8EE6-4A3C-AE0C-091903E56C28}.Release|Any CPU.Build.0 = Release|Any CPU
	EndGlobalSection
	GlobalSection(SolutionProperties) = preSolution
		HideSolutionNode = FALSE
	EndGlobalSection
	GlobalSection(ExtensibilityGlobals) = postSolution
		SolutionGuid = {DB2B130A-DCC1-4CEA-AA0C-C48EFA8F56A0}
	EndGlobalSection
EndGlobal
